{
  "version": 4,
  "terraform_version": "1.4.2",
  "serial": 3,
  "lineage": "b3599f24-f26b-5e28-39d3-fe904fff1312",
  "outputs": {},
  "resources": [
    {
      "mode": "managed",
      "type": "newrelic_workload",
      "name": "foo",
      "provider": "provider[\"registry.terraform.io/newrelic/newrelic\"]",
      "instances": [
        {
          "schema_version": 0,
          "attributes": {
            "account_id": 4043746,
            "composite_entity_search_query": "(accountId IN ('4043746')) AND ((id IN ('NDA0Mzc0NnxCUk9XU0VSfEFQUExJQ0FUSU9OfDYwMTQyNDgxOQ'))) AND id != 'NDA0Mzc0NnxOUjF8V09SS0xPQUR8MTg2ODk4'",
            "description": null,
            "entity_guids": [
              "NDA0Mzc0NnxCUk9XU0VSfEFQUExJQ0FUSU9OfDYwMTQyNDgxOQ"
            ],
            "entity_search_query": [],
            "guid": "NDA0Mzc0NnxOUjF8V09SS0xPQUR8MTg2ODk4",
            "id": "4043746:186898:NDA0Mzc0NnxOUjF8V09SS0xPQUR8MTg2ODk4",
            "name": "himani workload1",
            "permalink": "https://one.newrelic.com/redirect/entity/NDA0Mzc0NnxOUjF8V09SS0xPQUR8MTg2ODk4",
            "scope_account_ids": [
              4043746
            ],
            "status_config_automatic": [],
            "status_config_static": [],
            "workload_id": 186898
          },
          "sensitive_attributes": [],
          "private": "bnVsbA=="
        }
      ]
    }
  ],
  "check_results": null
}
